// !$*UTF8*$!
{
	archiveVersion = 1;
	classes = {
	};
	objectVersion = 50;
	objects = {

/* Begin PBXBuildFile section */
		18075CB4255B8D3A00C22731 /* AppDelegate.swift in Sources */ = {isa = PBXBuildFile; fileRef = 18075CB3255B8D3A00C22731 /* AppDelegate.swift */; };
		18075CB6255B8D3A00C22731 /* SceneDelegate.swift in Sources */ = {isa = PBXBuildFile; fileRef = 18075CB5255B8D3A00C22731 /* SceneDelegate.swift */; };
		18075CB8255B8D3A00C22731 /* ViewController.swift in Sources */ = {isa = PBXBuildFile; fileRef = 18075CB7255B8D3A00C22731 /* ViewController.swift */; };
		18075CBB255B8D3A00C22731 /* Main.storyboard in Resources */ = {isa = PBXBuildFile; fileRef = 18075CB9255B8D3A00C22731 /* Main.storyboard */; };
		18075CBD255B8D3F00C22731 /* Assets.xcassets in Resources */ = {isa = PBXBuildFile; fileRef = 18075CBC255B8D3F00C22731 /* Assets.xcassets */; };
		18075CC0255B8D3F00C22731 /* LaunchScreen.storyboard in Resources */ = {isa = PBXBuildFile; fileRef = 18075CBE255B8D3F00C22731 /* LaunchScreen.storyboard */; };
		18075CCB255B8D4000C22731 /* calculator_iosTests.swift in Sources */ = {isa = PBXBuildFile; fileRef = 18075CCA255B8D4000C22731 /* calculator_iosTests.swift */; };
		18075CD6255B8D4000C22731 /* calculator_iosUITests.swift in Sources */ = {isa = PBXBuildFile; fileRef = 18075CD5255B8D4000C22731 /* calculator_iosUITests.swift */; };
/* End PBXBuildFile section */

/* Begin PBXContainerItemProxy section */
		18075CC7255B8D4000C22731 /* PBXContainerItemProxy */ = {
			isa = PBXContainerItemProxy;
			containerPortal = 18075CA8255B8D3A00C22731 /* Project object */;
			proxyType = 1;
			remoteGlobalIDString = 18075CAF255B8D3A00C22731;
			remoteInfo = calculator_ios;
		};
		18075CD2255B8D4000C22731 /* PBXContainerItemProxy */ = {
			isa = PBXContainerItemProxy;
			containerPortal = 18075CA8255B8D3A00C22731 /* Project object */;
			proxyType = 1;
			remoteGlobalIDString = 18075CAF255B8D3A00C22731;
			remoteInfo = calculator_ios;
		};
/* End PBXContainerItemProxy section */

/* Begin PBXFileReference section */
		18075CB0255B8D3A00C22731 /* calculator_ios.app */ = {isa = PBXFileReference; explicitFileType = wrapper.application; includeInIndex = 0; path = calculator_ios.app; sourceTree = BUILT_PRODUCTS_DIR; };
		18075CB3255B8D3A00C22731 /* AppDelegate.swift */ = {isa = PBXFileReference; lastKnownFileType = sourcecode.swift; path = AppDelegate.swift; sourceTree = "<group>"; };
		18075CB5255B8D3A00C22731 /* SceneDelegate.swift */ = {isa = PBXFileReference; lastKnownFileType = sourcecode.swift; path = SceneDelegate.swift; sourceTree = "<group>"; };
		18075CB7255B8D3A00C22731 /* ViewController.swift */ = {isa = PBXFileReference; lastKnownFileType = sourcecode.swift; path = ViewController.swift; sourceTree = "<group>"; };
		18075CBA255B8D3A00C22731 /* Base */ = {isa = PBXFileReference; lastKnownFileType = file.storyboard; name = Base; path = Base.lproj/Main.storyboard; sourceTree = "<group>"; };
		18075CBC255B8D3F00C22731 /* Assets.xcassets */ = {isa = PBXFileReference; lastKnownFileType = folder.assetcatalog; path = Assets.xcassets; sourceTree = "<group>"; };
		18075CBF255B8D3F00C22731 /* Base */ = {isa = PBXFileReference; lastKnownFileType = file.storyboard; name = Base; path = Base.lproj/LaunchScreen.storyboard; sourceTree = "<group>"; };
		18075CC1255B8D3F00C22731 /* Info.plist */ = {isa = PBXFileReference; lastKnownFileType = text.plist.xml; path = Info.plist; sourceTree = "<group>"; };
		18075CC6255B8D4000C22731 /* calculator_iosTests.xctest */ = {isa = PBXFileReference; explicitFileType = wrapper.cfbundle; includeInIndex = 0; path = calculator_iosTests.xctest; sourceTree = BUILT_PRODUCTS_DIR; };
		18075CCA255B8D4000C22731 /* calculator_iosTests.swift */ = {isa = PBXFileReference; lastKnownFileType = sourcecode.swift; path = calculator_iosTests.swift; sourceTree = "<group>"; };
		18075CCC255B8D4000C22731 /* Info.plist */ = {isa = PBXFileReference; lastKnownFileType = text.plist.xml; path = Info.plist; sourceTree = "<group>"; };
		18075CD1255B8D4000C22731 /* calculator_iosUITests.xctest */ = {isa = PBXFileReference; explicitFileType = wrapper.cfbundle; includeInIndex = 0; path = calculator_iosUITests.xctest; sourceTree = BUILT_PRODUCTS_DIR; };
		18075CD5255B8D4000C22731 /* calculator_iosUITests.swift */ = {isa = PBXFileReference; lastKnownFileType = sourcecode.swift; path = calculator_iosUITests.swift; sourceTree = "<group>"; };
		18075CD7255B8D4000C22731 /* Info.plist */ = {isa = PBXFileReference; lastKnownFileType = text.plist.xml; path = Info.plist; sourceTree = "<group>"; };
/* End PBXFileReference section */

/* Begin PBXFrameworksBuildPhase section */
		18075CAD255B8D3A00C22731 /* Frameworks */ = {
			isa = PBXFrameworksBuildPhase;
			buildActionMask = 2147483647;
			files = (
			);
			runOnlyForDeploymentPostprocessing = 0;
		};
		18075CC3255B8D4000C22731 /* Frameworks */ = {
			isa = PBXFrameworksBuildPhase;
			buildActionMask = 2147483647;
			files = (
			);
			runOnlyForDeploymentPostprocessing = 0;
		};
		18075CCE255B8D4000C22731 /* Frameworks */ = {
			isa = PBXFrameworksBuildPhase;
			buildActionMask = 2147483647;
			files = (
			);
			runOnlyForDeploymentPostprocessing = 0;
		};
/* End PBXFrameworksBuildPhase section */

/* Begin PBXGroup section */
		18075CA7255B8D3A00C22731 = {
			isa = PBXGroup;
			children = (
				18075CB2255B8D3A00C22731 /* calculator_ios */,
				18075CC9255B8D4000C22731 /* calculator_iosTests */,
				18075CD4255B8D4000C22731 /* calculator_iosUITests */,
				18075CB1255B8D3A00C22731 /* Products */,
			);
			sourceTree = "<group>";
		};
		18075CB1255B8D3A00C22731 /* Products */ = {
			isa = PBXGroup;
			children = (
				18075CB0255B8D3A00C22731 /* calculator_ios.app */,
				18075CC6255B8D4000C22731 /* calculator_iosTests.xctest */,
				18075CD1255B8D4000C22731 /* calculator_iosUITests.xctest */,
			);
			name = Products;
			sourceTree = "<group>";
		};
		18075CB2255B8D3A00C22731 /* calculator_ios */ = {
			isa = PBXGroup;
			children = (
				18075CB3255B8D3A00C22731 /* AppDelegate.swift */,
				18075CB5255B8D3A00C22731 /* SceneDelegate.swift */,
				18075CB7255B8D3A00C22731 /* ViewController.swift */,
				18075CB9255B8D3A00C22731 /* Main.storyboard */,
				18075CBC255B8D3F00C22731 /* Assets.xcassets */,
				18075CBE255B8D3F00C22731 /* LaunchScreen.storyboard */,
				18075CC1255B8D3F00C22731 /* Info.plist */,
			);
			path = calculator_ios;
			sourceTree = "<group>";
		};
		18075CC9255B8D4000C22731 /* calculator_iosTests */ = {
			isa = PBXGroup;
			children = (
				18075CCA255B8D4000C22731 /* calculator_iosTests.swift */,
				18075CCC255B8D4000C22731 /* Info.plist */,
			);
			path = calculator_iosTests;
			sourceTree = "<group>";
		};
		18075CD4255B8D4000C22731 /* calculator_iosUITests */ = {
			isa = PBXGroup;
			children = (
				18075CD5255B8D4000C22731 /* calculator_iosUITests.swift */,
				18075CD7255B8D4000C22731 /* Info.plist */,
			);
			path = calculator_iosUITests;
			sourceTree = "<group>";
		};
/* End PBXGroup section */

/* Begin PBXNativeTarget section */
		18075CAF255B8D3A00C22731 /* calculator_ios */ = {
			isa = PBXNativeTarget;
			buildConfigurationList = 18075CDA255B8D4000C22731 /* Build configuration list for PBXNativeTarget "calculator_ios" */;
			buildPhases = (
				18075CAC255B8D3A00C22731 /* Sources */,
				18075CAD255B8D3A00C22731 /* Frameworks */,
				18075CAE255B8D3A00C22731 /* Resources */,
			);
			buildRules = (
			);
			dependencies = (
			);
			name = calculator_ios;
			productName = calculator_ios;
			productReference = 18075CB0255B8D3A00C22731 /* calculator_ios.app */;
			productType = "com.apple.product-type.application";
		};
		18075CC5255B8D4000C22731 /* calculator_iosTests */ = {
			isa = PBXNativeTarget;
			buildConfigurationList = 18075CDD255B8D4000C22731 /* Build configuration list for PBXNativeTarget "calculator_iosTests" */;
			buildPhases = (
				18075CC2255B8D4000C22731 /* Sources */,
				18075CC3255B8D4000C22731 /* Frameworks */,
				18075CC4255B8D4000C22731 /* Resources */,
			);
			buildRules = (
			);
			dependencies = (
				18075CC8255B8D4000C22731 /* PBXTargetDependency */,
			);
			name = calculator_iosTests;
			productName = calculator_iosTests;
			productReference = 18075CC6255B8D4000C22731 /* calculator_iosTests.xctest */;
			productType = "com.apple.product-type.bundle.unit-test";
		};
		18075CD0255B8D4000C22731 /* calculator_iosUITests */ = {
			isa = PBXNativeTarget;
			buildConfigurationList = 18075CE0255B8D4000C22731 /* Build configuration list for PBXNativeTarget "calculator_iosUITests" */;
			buildPhases = (
				18075CCD255B8D4000C22731 /* Sources */,
				18075CCE255B8D4000C22731 /* Frameworks */,
				18075CCF255B8D4000C22731 /* Resources */,
			);
			buildRules = (
			);
			dependencies = (
				18075CD3255B8D4000C22731 /* PBXTargetDependency */,
			);
			name = calculator_iosUITests;
			productName = calculator_iosUITests;
			productReference = 18075CD1255B8D4000C22731 /* calculator_iosUITests.xctest */;
			productType = "com.apple.product-type.bundle.ui-testing";
		};
/* End PBXNativeTarget section */

/* Begin PBXProject section */
		18075CA8255B8D3A00C22731 /* Project object */ = {
			isa = PBXProject;
			attributes = {
				LastSwiftUpdateCheck = 1210;
				LastUpgradeCheck = 1210;
				TargetAttributes = {
					18075CAF255B8D3A00C22731 = {
						CreatedOnToolsVersion = 12.1;
					};
					18075CC5255B8D4000C22731 = {
						CreatedOnToolsVersion = 12.1;
						TestTargetID = 18075CAF255B8D3A00C22731;
					};
					18075CD0255B8D4000C22731 = {
						CreatedOnToolsVersion = 12.1;
						TestTargetID = 18075CAF255B8D3A00C22731;
					};
				};
			};
			buildConfigurationList = 18075CAB255B8D3A00C22731 /* Build configuration list for PBXProject "calculator_ios" */;
			compatibilityVersion = "Xcode 9.3";
			developmentRegion = en;
			hasScannedForEncodings = 0;
			knownRegions = (
				en,
				Base,
			);
			mainGroup = 18075CA7255B8D3A00C22731;
			productRefGroup = 18075CB1255B8D3A00C22731 /* Products */;
			projectDirPath = "";
			projectRoot = "";
			targets = (
				18075CAF255B8D3A00C22731 /* calculator_ios */,
				18075CC5255B8D4000C22731 /* calculator_iosTests */,
				18075CD0255B8D4000C22731 /* calculator_iosUITests */,
			);
		};
/* End PBXProject section */

/* Begin PBXResourcesBuildPhase section */
		18075CAE255B8D3A00C22731 /* Resources */ = {
			isa = PBXResourcesBuildPhase;
			buildActionMask = 2147483647;
			files = (
				18075CC0255B8D3F00C22731 /* LaunchScreen.storyboard in Resources */,
				18075CBD255B8D3F00C22731 /* Assets.xcassets in Resources */,
				18075CBB255B8D3A00C22731 /* Main.storyboard in Resources */,
			);
			runOnlyForDeploymentPostprocessing = 0;
		};
		18075CC4255B8D4000C22731 /* Resources */ = {
			isa = PBXResourcesBuildPhase;
			buildActionMask = 2147483647;
			files = (
			);
			runOnlyForDeploymentPostprocessing = 0;
		};
		18075CCF255B8D4000C22731 /* Resources */ = {
			isa = PBXResourcesBuildPhase;
			buildActionMask = 2147483647;
			files = (
			);
			runOnlyForDeploymentPostprocessing = 0;
		};
/* End PBXResourcesBuildPhase section */

/* Begin PBXSourcesBuildPhase section */
		18075CAC255B8D3A00C22731 /* Sources */ = {
			isa = PBXSourcesBuildPhase;
			buildActionMask = 2147483647;
			files = (
				18075CB8255B8D3A00C22731 /* ViewController.swift in Sources */,
				18075CB4255B8D3A00C22731 /* AppDelegate.swift in Sources */,
				18075CB6255B8D3A00C22731 /* SceneDelegate.swift in Sources */,
			);
			runOnlyForDeploymentPostprocessing = 0;
		};
		18075CC2255B8D4000C22731 /* Sources */ = {
			isa = PBXSourcesBuildPhase;
			buildActionMask = 2147483647;
			files = (
				18075CCB255B8D4000C22731 /* calculator_iosTests.swift in Sources */,
			);
			runOnlyForDeploymentPostprocessing = 0;
		};
		18075CCD255B8D4000C22731 /* Sources */ = {
			isa = PBXSourcesBuildPhase;
			buildActionMask = 2147483647;
			files = (
				18075CD6255B8D4000C22731 /* calculator_iosUITests.swift in Sources */,
			);
			runOnlyForDeploymentPostprocessing = 0;
		};
/* End PBXSourcesBuildPhase section */

/* Begin PBXTargetDependency section */
		18075CC8255B8D4000C22731 /* PBXTargetDependency */ = {
			isa = PBXTargetDependency;
			target = 18075CAF255B8D3A00C22731 /* calculator_ios */;
			targetProxy = 18075CC7255B8D4000C22731 /* PBXContainerItemProxy */;
		};
		18075CD3255B8D4000C22731 /* PBXTargetDependency */ = {
			isa = PBXTargetDependency;
			target = 18075CAF255B8D3A00C22731 /* calculator_ios */;
			targetProxy = 18075CD2255B8D4000C22731 /* PBXContainerItemProxy */;
		};
/* End PBXTargetDependency section */

/* Begin PBXVariantGroup section */
		18075CB9255B8D3A00C22731 /* Main.storyboard */ = {
			isa = PBXVariantGroup;
			children = (
				18075CBA255B8D3A00C22731 /* Base */,
			);
			name = Main.storyboard;
			sourceTree = "<group>";
		};
		18075CBE255B8D3F00C22731 /* LaunchScreen.storyboard */ = {
			isa = PBXVariantGroup;
			children = (
				18075CBF255B8D3F00C22731 /* Base */,
			);
			name = LaunchScreen.storyboard;
			sourceTree = "<group>";
		};
/* End PBXVariantGroup section */

/* Begin XCBuildConfiguration section */
		18075CD8255B8D4000C22731 /* Debug */ = {
			isa = XCBuildConfiguration;
			buildSettings = {
				ALWAYS_SEARCH_USER_PATHS = NO;
				CLANG_ANALYZER_NONNULL = YES;
				CLANG_ANALYZER_NUMBER_OBJECT_CONVERSION = YES_AGGRESSIVE;
				CLANG_CXX_LANGUAGE_STANDARD = "gnu++14";
				CLANG_CXX_LIBRARY = "libc++";
				CLANG_ENABLE_MODULES = YES;
				CLANG_ENABLE_OBJC_ARC = YES;
				CLANG_ENABLE_OBJC_WEAK = YES;
				CLANG_WARN_BLOCK_CAPTURE_AUTORELEASING = YES;
				CLANG_WARN_BOOL_CONVERSION = YES;
				CLANG_WARN_COMMA = YES;
				CLANG_WARN_CONSTANT_CONVERSION = YES;
				CLANG_WARN_DEPRECATED_OBJC_IMPLEMENTATIONS = YES;
				CLANG_WARN_DIRECT_OBJC_ISA_USAGE = YES_ERROR;
				CLANG_WARN_DOCUMENTATION_COMMENTS = YES;
				CLANG_WARN_EMPTY_BODY = YES;
				CLANG_WARN_ENUM_CONVERSION = YES;
				CLANG_WARN_INFINITE_RECURSION = YES;
				CLANG_WARN_INT_CONVERSION = YES;
				CLANG_WARN_NON_LITERAL_NULL_CONVERSION = YES;
				CLANG_WARN_OBJC_IMPLICIT_RETAIN_SELF = YES;
				CLANG_WARN_OBJC_LITERAL_CONVERSION = YES;
				CLANG_WARN_OBJC_ROOT_CLASS = YES_ERROR;
				CLANG_WARN_QUOTED_INCLUDE_IN_FRAMEWORK_HEADER = YES;
				CLANG_WARN_RANGE_LOOP_ANALYSIS = YES;
				CLANG_WARN_STRICT_PROTOTYPES = YES;
				CLANG_WARN_SUSPICIOUS_MOVE = YES;
				CLANG_WARN_UNGUARDED_AVAILABILITY = YES_AGGRESSIVE;
				CLANG_WARN_UNREACHABLE_CODE = YES;
				CLANG_WARN__DUPLICATE_METHOD_MATCH = YES;
				COPY_PHASE_STRIP = NO;
				DEBUG_INFORMATION_FORMAT = dwarf;
				ENABLE_STRICT_OBJC_MSGSEND = YES;
				ENABLE_TESTABILITY = YES;
				GCC_C_LANGUAGE_STANDARD = gnu11;
				GCC_DYNAMIC_NO_PIC = NO;
				GCC_NO_COMMON_BLOCKS = YES;
				GCC_OPTIMIZATION_LEVEL = 0;
				GCC_PREPROCESSOR_DEFINITIONS = (
					"DEBUG=1",
					"$(inherited)",
				);
				GCC_WARN_64_TO_32_BIT_CONVERSION = YES;
				GCC_WARN_ABOUT_RETURN_TYPE = YES_ERROR;
				GCC_WARN_UNDECLARED_SELECTOR = YES;
				GCC_WARN_UNINITIALIZED_AUTOS = YES_AGGRESSIVE;
				GCC_WARN_UNUSED_FUNCTION = YES;
				GCC_WARN_UNUSED_VARIABLE = YES;
				IPHONEOS_DEPLOYMENT_TARGET = 14.1;
				MTL_ENABLE_DEBUG_INFO = INCLUDE_SOURCE;
				MTL_FAST_MATH = YES;
				ONLY_ACTIVE_ARCH = YES;
				SDKROOT = iphoneos;
				SWIFT_ACTIVE_COMPILATION_CONDITIONS = DEBUG;
				SWIFT_OPTIMIZATION_LEVEL = "-Onone";
			};
			name = Debug;
		};
		18075CD9255B8D4000C22731 /* Release */ = {
			isa = XCBuildConfiguration;
			buildSettings = {
				ALWAYS_SEARCH_USER_PATHS = NO;
				CLANG_ANALYZER_NONNULL = YES;
				CLANG_ANALYZER_NUMBER_OBJECT_CONVERSION = YES_AGGRESSIVE;
				CLANG_CXX_LANGUAGE_STANDARD = "gnu++14";
				CLANG_CXX_LIBRARY = "libc++";
				CLANG_ENABLE_MODULES = YES;
				CLANG_ENABLE_OBJC_ARC = YES;
				CLANG_ENABLE_OBJC_WEAK = YES;
				CLANG_WARN_BLOCK_CAPTURE_AUTORELEASING = YES;
				CLANG_WARN_BOOL_CONVERSION = YES;
				CLANG_WARN_COMMA = YES;
				CLANG_WARN_CONSTANT_CONVERSION = YES;
				CLANG_WARN_DEPRECATED_OBJC_IMPLEMENTATIONS = YES;
				CLANG_WARN_DIRECT_OBJC_ISA_USAGE = YES_ERROR;
				CLANG_WARN_DOCUMENTATION_COMMENTS = YES;
				CLANG_WARN_EMPTY_BODY = YES;
				CLANG_WARN_ENUM_CONVERSION = YES;
				CLANG_WARN_INFINITE_RECURSION = YES;
				CLANG_WARN_INT_CONVERSION = YES;
				CLANG_WARN_NON_LITERAL_NULL_CONVERSION = YES;
				CLANG_WARN_OBJC_IMPLICIT_RETAIN_SELF = YES;
				CLANG_WARN_OBJC_LITERAL_CONVERSION = YES;
				CLANG_WARN_OBJC_ROOT_CLASS = YES_ERROR;
				CLANG_WARN_QUOTED_INCLUDE_IN_FRAMEWORK_HEADER = YES;
				CLANG_WARN_RANGE_LOOP_ANALYSIS = YES;
				CLANG_WARN_STRICT_PROTOTYPES = YES;
				CLANG_WARN_SUSPICIOUS_MOVE = YES;
				CLANG_WARN_UNGUARDED_AVAILABILITY = YES_AGGRESSIVE;
				CLANG_WARN_UNREACHABLE_CODE = YES;
				CLANG_WARN__DUPLICATE_METHOD_MATCH = YES;
				COPY_PHASE_STRIP = NO;
				DEBUG_INFORMATION_FORMAT = "dwarf-with-dsym";
				ENABLE_NS_ASSERTIONS = NO;
				ENABLE_STRICT_OBJC_MSGSEND = YES;
				GCC_C_LANGUAGE_STANDARD = gnu11;
				GCC_NO_COMMON_BLOCKS = YES;
				GCC_WARN_64_TO_32_BIT_CONVERSION = YES;
				GCC_WARN_ABOUT_RETURN_TYPE = YES_ERROR;
				GCC_WARN_UNDECLARED_SELECTOR = YES;
				GCC_WARN_UNINITIALIZED_AUTOS = YES_AGGRESSIVE;
				GCC_WARN_UNUSED_FUNCTION = YES;
				GCC_WARN_UNUSED_VARIABLE = YES;
				IPHONEOS_DEPLOYMENT_TARGET = 14.1;
				MTL_ENABLE_DEBUG_INFO = NO;
				MTL_FAST_MATH = YES;
				SDKROOT = iphoneos;
				SWIFT_COMPILATION_MODE = wholemodule;
				SWIFT_OPTIMIZATION_LEVEL = "-O";
				VALIDATE_PRODUCT = YES;
			};
			name = Release;
		};
		18075CDB255B8D4000C22731 /* Debug */ = {
			isa = XCBuildConfiguration;
			buildSettings = {
				ASSETCATALOG_COMPILER_APPICON_NAME = AppIcon;
				ASSETCATALOG_COMPILER_GLOBAL_ACCENT_COLOR_NAME = AccentColor;
				CODE_SIGN_STYLE = Automatic;
				INFOPLIST_FILE = calculator_ios/Info.plist;
				LD_RUNPATH_SEARCH_PATHS = (
					"$(inherited)",
					"@executable_path/Frameworks",
				);
				PRODUCT_BUNDLE_IDENTIFIER = "akbar.calculator-ios";
				PRODUCT_NAME = "$(TARGET_NAME)";
				SWIFT_VERSION = 5.0;
				TARGETED_DEVICE_FAMILY = "1,2";
			};
			name = Debug;
		};
		18075CDC255B8D4000C22731 /* Release */ = {
			isa = XCBuildConfiguration;
			buildSettings = {
				ASSETCATALOG_COMPILER_APPICON_NAME = AppIcon;
				ASSETCATALOG_COMPILER_GLOBAL_ACCENT_COLOR_NAME = AccentColor;
				CODE_SIGN_STYLE = Automatic;
				INFOPLIST_FILE = calculator_ios/Info.plist;
				LD_RUNPATH_SEARCH_PATHS = (
					"$(inherited)",
					"@executable_path/Frameworks",
				);
				PRODUCT_BUNDLE_IDENTIFIER = "akbar.calculator-ios";
				PRODUCT_NAME = "$(TARGET_NAME)";
				SWIFT_VERSION = 5.0;
				TARGETED_DEVICE_FAMILY = "1,2";
			};
			name = Release;
		};
		18075CDE255B8D4000C22731 /* Debug */ = {
			isa = XCBuildConfiguration;
			buildSettings = {
				ALWAYS_EMBED_SWIFT_STANDARD_LIBRARIES = YES;
				BUNDLE_LOADER = "$(TEST_HOST)";
				CODE_SIGN_STYLE = Automatic;
				INFOPLIST_FILE = calculator_iosTests/Info.plist;
				IPHONEOS_DEPLOYMENT_TARGET = 14.1;
				LD_RUNPATH_SEARCH_PATHS = (
					"$(inherited)",
					"@executable_path/Frameworks",
					"@loader_path/Frameworks",
				);
				PRODUCT_BUNDLE_IDENTIFIER = "akbar.calculator-iosTests";
				PRODUCT_NAME = "$(TARGET_NAME)";
				SWIFT_VERSION = 5.0;
				TARGETED_DEVICE_FAMILY = "1,2";
				TEST_HOST = "$(BUILT_PRODUCTS_DIR)/calculator_ios.app/calculator_ios";
			};
			name = Debug;
		};
		18075CDF255B8D4000C22731 /* Release */ = {
			isa = XCBuildConfiguration;
			buildSettings = {
				ALWAYS_EMBED_SWIFT_STANDARD_LIBRARIES = YES;
				BUNDLE_LOADER = "$(TEST_HOST)";
				CODE_SIGN_STYLE = Automatic;
				INFOPLIST_FILE = calculator_iosTests/Info.plist;
				IPHONEOS_DEPLOYMENT_TARGET = 14.1;
				LD_RUNPATH_SEARCH_PATHS = (
					"$(inherited)",
					"@executable_path/Frameworks",
					"@loader_path/Frameworks",
				);
				PRODUCT_BUNDLE_IDENTIFIER = "akbar.calculator-iosTests";
				PRODUCT_NAME = "$(TARGET_NAME)";
				SWIFT_VERSION = 5.0;
				TARGETED_DEVICE_FAMILY = "1,2";
				TEST_HOST = "$(BUILT_PRODUCTS_DIR)/calculator_ios.app/calculator_ios";
			};
			name = Release;
		};
		18075CE1255B8D4000C22731 /* Debug */ = {
			isa = XCBuildConfiguration;
			buildSettings = {
				ALWAYS_EMBED_SWIFT_STANDARD_LIBRARIES = YES;
				CODE_SIGN_STYLE = Automatic;
				INFOPLIST_FILE = calculator_iosUITests/Info.plist;
				LD_RUNPATH_SEARCH_PATHS = (
					"$(inherited)",
					"@executable_path/Frameworks",
					"@loader_path/Frameworks",
				);
				PRODUCT_BUNDLE_IDENTIFIER = "akbar.calculator-iosUITests";
				PRODUCT_NAME = "$(TARGET_NAME)";
				SWIFT_VERSION = 5.0;
				TARGETED_DEVICE_FAMILY = "1,2";
				TEST_TARGET_NAME = calculator_ios;
			};
			name = Debug;
		};
		18075CE2255B8D4000C22731 /* Release */ = {
			isa = XCBuildConfiguration;
			buildSettings = {
				ALWAYS_EMBED_SWIFT_STANDARD_LIBRARIES = YES;
				CODE_SIGN_STYLE = Automatic;
				INFOPLIST_FILE = calculator_iosUITests/Info.plist;
				LD_RUNPATH_SEARCH_PATHS = (
					"$(inherited)",
					"@executable_path/Frameworks",
					"@loader_path/Frameworks",
				);
				PRODUCT_BUNDLE_IDENTIFIER = "akbar.calculator-iosUITests";
				PRODUCT_NAME = "$(TARGET_NAME)";
				SWIFT_VERSION = 5.0;
				TARGETED_DEVICE_FAMILY = "1,2";
				TEST_TARGET_NAME = calculator_ios;
			};
			name = Release;
		};
/* End XCBuildConfiguration section */

/* Begin XCConfigurationList section */
		18075CAB255B8D3A00C22731 /* Build configuration list for PBXProject "calculator_ios" */ = {
			isa = XCConfigurationList;
			buildConfigurations = (
				18075CD8255B8D4000C22731 /* Debug */,
				18075CD9255B8D4000C22731 /* Release */,
			);
			defaultConfigurationIsVisible = 0;
			defaultConfigurationName = Release;
		};
		18075CDA255B8D4000C22731 /* Build configuration list for PBXNativeTarget "calculator_ios" */ = {
			isa = XCConfigurationList;
			buildConfigurations = (
				18075CDB255B8D4000C22731 /* Debug */,
				18075CDC255B8D4000C22731 /* Release */,
			);
			defaultConfigurationIsVisible = 0;
			defaultConfigurationName = Release;
		};
		18075CDD255B8D4000C22731 /* Build configuration list for PBXNativeTarget "calculator_iosTests" */ = {
			isa = XCConfigurationList;
			buildConfigurations = (
				18075CDE255B8D4000C22731 /* Debug */,
				18075CDF255B8D4000C22731 /* Release */,
			);
			defaultConfigurationIsVisible = 0;
			defaultConfigurationName = Release;
		};
		18075CE0255B8D4000C22731 /* Build configuration list for PBXNativeTarget "calculator_iosUITests" */ = {
			isa = XCConfigurationList;
			buildConfigurations = (
				18075CE1255B8D4000C22731 /* Debug */,
				18075CE2255B8D4000C22731 /* Release */,
			);
			defaultConfigurationIsVisible = 0;
			defaultConfigurationName = Release;
		};
/* End XCConfigurationList section */
	};
	rootObject = 18075CA8255B8D3A00C22731 /* Project object */;
}
